// !$*UTF8*$!
{
	archiveVersion = 1;
	classes = {
	};
	objectVersion = 56;
	objects = {

/* Begin PBXBuildFile section */
		C8EA8091296E0C2E00F7E959 /* AppDelegate.swift in Sources */ = {isa = PBXBuildFile; fileRef = C8EA8090296E0C2E00F7E959 /* AppDelegate.swift */; };
		C8EA8093296E0C2E00F7E959 /* SceneDelegate.swift in Sources */ = {isa = PBXBuildFile; fileRef = C8EA8092296E0C2E00F7E959 /* SceneDelegate.swift */; };
		C8EA8095296E0C2E00F7E959 /* ViewController.swift in Sources */ = {isa = PBXBuildFile; fileRef = C8EA8094296E0C2E00F7E959 /* ViewController.swift */; };
		C8EA8098296E0C2E00F7E959 /* Main.storyboard in Resources */ = {isa = PBXBuildFile; fileRef = C8EA8096296E0C2E00F7E959 /* Main.storyboard */; };
		C8EA809A296E0C3000F7E959 /* Assets.xcassets in Resources */ = {isa = PBXBuildFile; fileRef = C8EA8099296E0C3000F7E959 /* Assets.xcassets */; };
		C8EA809D296E0C3000F7E959 /* LaunchScreen.storyboard in Resources */ = {isa = PBXBuildFile; fileRef = C8EA809B296E0C3000F7E959 /* LaunchScreen.storyboard */; };
		C8EA80A8296E0C3000F7E959 /* UdderTests.swift in Sources */ = {isa = PBXBuildFile; fileRef = C8EA80A7296E0C3000F7E959 /* UdderTests.swift */; };
		C8EA80B2296E0C3000F7E959 /* UdderUITests.swift in Sources */ = {isa = PBXBuildFile; fileRef = C8EA80B1296E0C3000F7E959 /* UdderUITests.swift */; };
		C8EA80B4296E0C3000F7E959 /* UdderUITestsLaunchTests.swift in Sources */ = {isa = PBXBuildFile; fileRef = C8EA80B3296E0C3000F7E959 /* UdderUITestsLaunchTests.swift */; };
/* End PBXBuildFile section */

/* Begin PBXContainerItemProxy section */
		C8EA80A4296E0C3000F7E959 /* PBXContainerItemProxy */ = {
			isa = PBXContainerItemProxy;
			containerPortal = C8EA8085296E0C2E00F7E959 /* Project object */;
			proxyType = 1;
			remoteGlobalIDString = C8EA808C296E0C2E00F7E959;
			remoteInfo = Udder;
		};
		C8EA80AE296E0C3000F7E959 /* PBXContainerItemProxy */ = {
			isa = PBXContainerItemProxy;
			containerPortal = C8EA8085296E0C2E00F7E959 /* Project object */;
			proxyType = 1;
			remoteGlobalIDString = C8EA808C296E0C2E00F7E959;
			remoteInfo = Udder;
		};
/* End PBXContainerItemProxy section */

/* Begin PBXFileReference section */
		C8EA808D296E0C2E00F7E959 /* Udder.app */ = {isa = PBXFileReference; explicitFileType = wrapper.application; includeInIndex = 0; path = Udder.app; sourceTree = BUILT_PRODUCTS_DIR; };
		C8EA8090296E0C2E00F7E959 /* AppDelegate.swift */ = {isa = PBXFileReference; lastKnownFileType = sourcecode.swift; path = AppDelegate.swift; sourceTree = "<group>"; };
		C8EA8092296E0C2E00F7E959 /* SceneDelegate.swift */ = {isa = PBXFileReference; lastKnownFileType = sourcecode.swift; path = SceneDelegate.swift; sourceTree = "<group>"; };
		C8EA8094296E0C2E00F7E959 /* ViewController.swift */ = {isa = PBXFileReference; lastKnownFileType = sourcecode.swift; path = ViewController.swift; sourceTree = "<group>"; };
		C8EA8097296E0C2E00F7E959 /* Base */ = {isa = PBXFileReference; lastKnownFileType = file.storyboard; name = Base; path = Base.lproj/Main.storyboard; sourceTree = "<group>"; };
		C8EA8099296E0C3000F7E959 /* Assets.xcassets */ = {isa = PBXFileReference; lastKnownFileType = folder.assetcatalog; path = Assets.xcassets; sourceTree = "<group>"; };
		C8EA809C296E0C3000F7E959 /* Base */ = {isa = PBXFileReference; lastKnownFileType = file.storyboard; name = Base; path = Base.lproj/LaunchScreen.storyboard; sourceTree = "<group>"; };
		C8EA809E296E0C3000F7E959 /* Info.plist */ = {isa = PBXFileReference; lastKnownFileType = text.plist.xml; path = Info.plist; sourceTree = "<group>"; };
		C8EA80A3296E0C3000F7E959 /* UdderTests.xctest */ = {isa = PBXFileReference; explicitFileType = wrapper.cfbundle; includeInIndex = 0; path = UdderTests.xctest; sourceTree = BUILT_PRODUCTS_DIR; };
		C8EA80A7296E0C3000F7E959 /* UdderTests.swift */ = {isa = PBXFileReference; lastKnownFileType = sourcecode.swift; path = UdderTests.swift; sourceTree = "<group>"; };
		C8EA80AD296E0C3000F7E959 /* UdderUITests.xctest */ = {isa = PBXFileReference; explicitFileType = wrapper.cfbundle; includeInIndex = 0; path = UdderUITests.xctest; sourceTree = BUILT_PRODUCTS_DIR; };
		C8EA80B1296E0C3000F7E959 /* UdderUITests.swift */ = {isa = PBXFileReference; lastKnownFileType = sourcecode.swift; path = UdderUITests.swift; sourceTree = "<group>"; };
		C8EA80B3296E0C3000F7E959 /* UdderUITestsLaunchTests.swift */ = {isa = PBXFileReference; lastKnownFileType = sourcecode.swift; path = UdderUITestsLaunchTests.swift; sourceTree = "<group>"; };
/* End PBXFileReference section */

/* Begin PBXFrameworksBuildPhase section */
		C8EA808A296E0C2E00F7E959 /* Frameworks */ = {
			isa = PBXFrameworksBuildPhase;
			buildActionMask = 2147483647;
			files = (
			);
			runOnlyForDeploymentPostprocessing = 0;
		};
		C8EA80A0296E0C3000F7E959 /* Frameworks */ = {
			isa = PBXFrameworksBuildPhase;
			buildActionMask = 2147483647;
			files = (
			);
			runOnlyForDeploymentPostprocessing = 0;
		};
		C8EA80AA296E0C3000F7E959 /* Frameworks */ = {
			isa = PBXFrameworksBuildPhase;
			buildActionMask = 2147483647;
			files = (
			);
			runOnlyForDeploymentPostprocessing = 0;
		};
/* End PBXFrameworksBuildPhase section */

/* Begin PBXGroup section */
		C8EA8084296E0C2E00F7E959 = {
			isa = PBXGroup;
			children = (
				C8EA808F296E0C2E00F7E959 /* Udder */,
				C8EA80A6296E0C3000F7E959 /* UdderTests */,
				C8EA80B0296E0C3000F7E959 /* UdderUITests */,
				C8EA808E296E0C2E00F7E959 /* Products */,
			);
			sourceTree = "<group>";
		};
		C8EA808E296E0C2E00F7E959 /* Products */ = {
			isa = PBXGroup;
			children = (
				C8EA808D296E0C2E00F7E959 /* Udder.app */,
				C8EA80A3296E0C3000F7E959 /* UdderTests.xctest */,
				C8EA80AD296E0C3000F7E959 /* UdderUITests.xctest */,
			);
			name = Products;
			sourceTree = "<group>";
		};
		C8EA808F296E0C2E00F7E959 /* Udder */ = {
			isa = PBXGroup;
			children = (
				C8EA8090296E0C2E00F7E959 /* AppDelegate.swift */,
				C8EA8092296E0C2E00F7E959 /* SceneDelegate.swift */,
				C8EA8094296E0C2E00F7E959 /* ViewController.swift */,
				C8EA8096296E0C2E00F7E959 /* Main.storyboard */,
				C8EA8099296E0C3000F7E959 /* Assets.xcassets */,
				C8EA809B296E0C3000F7E959 /* LaunchScreen.storyboard */,
				C8EA809E296E0C3000F7E959 /* Info.plist */,
			);
			path = Udder;
			sourceTree = "<group>";
		};
		C8EA80A6296E0C3000F7E959 /* UdderTests */ = {
			isa = PBXGroup;
			children = (
				C8EA80A7296E0C3000F7E959 /* UdderTests.swift */,
			);
			path = UdderTests;
			sourceTree = "<group>";
		};
		C8EA80B0296E0C3000F7E959 /* UdderUITests */ = {
			isa = PBXGroup;
			children = (
				C8EA80B1296E0C3000F7E959 /* UdderUITests.swift */,
				C8EA80B3296E0C3000F7E959 /* UdderUITestsLaunchTests.swift */,
			);
			path = UdderUITests;
			sourceTree = "<group>";
		};
/* End PBXGroup section */

/* Begin PBXNativeTarget section */
		C8EA808C296E0C2E00F7E959 /* Udder */ = {
			isa = PBXNativeTarget;
			buildConfigurationList = C8EA80B7296E0C3000F7E959 /* Build configuration list for PBXNativeTarget "Udder" */;
			buildPhases = (
				C8EA8089296E0C2E00F7E959 /* Sources */,
				C8EA808A296E0C2E00F7E959 /* Frameworks */,
				C8EA808B296E0C2E00F7E959 /* Resources */,
			);
			buildRules = (
			);
			dependencies = (
			);
			name = Udder;
			productName = Udder;
			productReference = C8EA808D296E0C2E00F7E959 /* Udder.app */;
			productType = "com.apple.product-type.application";
		};
		C8EA80A2296E0C3000F7E959 /* UdderTests */ = {
			isa = PBXNativeTarget;
			buildConfigurationList = C8EA80BA296E0C3000F7E959 /* Build configuration list for PBXNativeTarget "UdderTests" */;
			buildPhases = (
				C8EA809F296E0C3000F7E959 /* Sources */,
				C8EA80A0296E0C3000F7E959 /* Frameworks */,
				C8EA80A1296E0C3000F7E959 /* Resources */,
			);
			buildRules = (
			);
			dependencies = (
				C8EA80A5296E0C3000F7E959 /* PBXTargetDependency */,
			);
			name = UdderTests;
			productName = UdderTests;
			productReference = C8EA80A3296E0C3000F7E959 /* UdderTests.xctest */;
			productType = "com.apple.product-type.bundle.unit-test";
		};
		C8EA80AC296E0C3000F7E959 /* UdderUITests */ = {
			isa = PBXNativeTarget;
			buildConfigurationList = C8EA80BD296E0C3000F7E959 /* Build configuration list for PBXNativeTarget "UdderUITests" */;
			buildPhases = (
				C8EA80A9296E0C3000F7E959 /* Sources */,
				C8EA80AA296E0C3000F7E959 /* Frameworks */,
				C8EA80AB296E0C3000F7E959 /* Resources */,
			);
			buildRules = (
			);
			dependencies = (
				C8EA80AF296E0C3000F7E959 /* PBXTargetDependency */,
			);
			name = UdderUITests;
			productName = UdderUITests;
			productReference = C8EA80AD296E0C3000F7E959 /* UdderUITests.xctest */;
			productType = "com.apple.product-type.bundle.ui-testing";
		};
/* End PBXNativeTarget section */

/* Begin PBXProject section */
		C8EA8085296E0C2E00F7E959 /* Project object */ = {
			isa = PBXProject;
			attributes = {
				BuildIndependentTargetsInParallel = 1;
				LastSwiftUpdateCheck = 1420;
				LastUpgradeCheck = 1420;
				TargetAttributes = {
					C8EA808C296E0C2E00F7E959 = {
						CreatedOnToolsVersion = 14.2;
					};
					C8EA80A2296E0C3000F7E959 = {
						CreatedOnToolsVersion = 14.2;
						TestTargetID = C8EA808C296E0C2E00F7E959;
					};
					C8EA80AC296E0C3000F7E959 = {
						CreatedOnToolsVersion = 14.2;
						TestTargetID = C8EA808C296E0C2E00F7E959;
					};
				};
			};
			buildConfigurationList = C8EA8088296E0C2E00F7E959 /* Build configuration list for PBXProject "Udder" */;
			compatibilityVersion = "Xcode 14.0";
			developmentRegion = en;
			hasScannedForEncodings = 0;
			knownRegions = (
				en,
				Base,
			);
			mainGroup = C8EA8084296E0C2E00F7E959;
			productRefGroup = C8EA808E296E0C2E00F7E959 /* Products */;
			projectDirPath = "";
			projectRoot = "";
			targets = (
				C8EA808C296E0C2E00F7E959 /* Udder */,
				C8EA80A2296E0C3000F7E959 /* UdderTests */,
				C8EA80AC296E0C3000F7E959 /* UdderUITests */,
			);
		};
/* End PBXProject section */

/* Begin PBXResourcesBuildPhase section */
		C8EA808B296E0C2E00F7E959 /* Resources */ = {
			isa = PBXResourcesBuildPhase;
			buildActionMask = 2147483647;
			files = (
				C8EA809D296E0C3000F7E959 /* LaunchScreen.storyboard in Resources */,
				C8EA809A296E0C3000F7E959 /* Assets.xcassets in Resources */,
				C8EA8098296E0C2E00F7E959 /* Main.storyboard in Resources */,
			);
			runOnlyForDeploymentPostprocessing = 0;
		};
		C8EA80A1296E0C3000F7E959 /* Resources */ = {
			isa = PBXResourcesBuildPhase;
			buildActionMask = 2147483647;
			files = (
			);
			runOnlyForDeploymentPostprocessing = 0;
		};
		C8EA80AB296E0C3000F7E959 /* Resources */ = {
			isa = PBXResourcesBuildPhase;
			buildActionMask = 2147483647;
			files = (
			);
			runOnlyForDeploymentPostprocessing = 0;
		};
/* End PBXResourcesBuildPhase section */

/* Begin PBXSourcesBuildPhase section */
		C8EA8089296E0C2E00F7E959 /* Sources */ = {
			isa = PBXSourcesBuildPhase;
			buildActionMask = 2147483647;
			files = (
				C8EA8095296E0C2E00F7E959 /* ViewController.swift in Sources */,
				C8EA8091296E0C2E00F7E959 /* AppDelegate.swift in Sources */,
				C8EA8093296E0C2E00F7E959 /* SceneDelegate.swift in Sources */,
			);
			runOnlyForDeploymentPostprocessing = 0;
		};
		C8EA809F296E0C3000F7E959 /* Sources */ = {
			isa = PBXSourcesBuildPhase;
			buildActionMask = 2147483647;
			files = (
				C8EA80A8296E0C3000F7E959 /* UdderTests.swift in Sources */,
			);
			runOnlyForDeploymentPostprocessing = 0;
		};
		C8EA80A9296E0C3000F7E959 /* Sources */ = {
			isa = PBXSourcesBuildPhase;
			buildActionMask = 2147483647;
			files = (
				C8EA80B2296E0C3000F7E959 /* UdderUITests.swift in Sources */,
				C8EA80B4296E0C3000F7E959 /* UdderUITestsLaunchTests.swift in Sources */,
			);
			runOnlyForDeploymentPostprocessing = 0;
		};
/* End PBXSourcesBuildPhase section */

/* Begin PBXTargetDependency section */
		C8EA80A5296E0C3000F7E959 /* PBXTargetDependency */ = {
			isa = PBXTargetDependency;
			target = C8EA808C296E0C2E00F7E959 /* Udder */;
			targetProxy = C8EA80A4296E0C3000F7E959 /* PBXContainerItemProxy */;
		};
		C8EA80AF296E0C3000F7E959 /* PBXTargetDependency */ = {
			isa = PBXTargetDependency;
			target = C8EA808C296E0C2E00F7E959 /* Udder */;
			targetProxy = C8EA80AE296E0C3000F7E959 /* PBXContainerItemProxy */;
		};
/* End PBXTargetDependency section */

/* Begin PBXVariantGroup section */
		C8EA8096296E0C2E00F7E959 /* Main.storyboard */ = {
			isa = PBXVariantGroup;
			children = (
				C8EA8097296E0C2E00F7E959 /* Base */,
			);
			name = Main.storyboard;
			sourceTree = "<group>";
		};
		C8EA809B296E0C3000F7E959 /* LaunchScreen.storyboard */ = {
			isa = PBXVariantGroup;
			children = (
				C8EA809C296E0C3000F7E959 /* Base */,
			);
			name = LaunchScreen.storyboard;
			sourceTree = "<group>";
		};
/* End PBXVariantGroup section */

/* Begin XCBuildConfiguration section */
		C8EA80B5296E0C3000F7E959 /* Debug */ = {
			isa = XCBuildConfiguration;
			buildSettings = {
				ALWAYS_SEARCH_USER_PATHS = NO;
				CLANG_ANALYZER_NONNULL = YES;
				CLANG_ANALYZER_NUMBER_OBJECT_CONVERSION = YES_AGGRESSIVE;
				CLANG_CXX_LANGUAGE_STANDARD = "gnu++20";
				CLANG_ENABLE_MODULES = YES;
				CLANG_ENABLE_OBJC_ARC = YES;
				CLANG_ENABLE_OBJC_WEAK = YES;
				CLANG_WARN_BLOCK_CAPTURE_AUTORELEASING = YES;
				CLANG_WARN_BOOL_CONVERSION = YES;
				CLANG_WARN_COMMA = YES;
				CLANG_WARN_CONSTANT_CONVERSION = YES;
				CLANG_WARN_DEPRECATED_OBJC_IMPLEMENTATIONS = YES;
				CLANG_WARN_DIRECT_OBJC_ISA_USAGE = YES_ERROR;
				CLANG_WARN_DOCUMENTATION_COMMENTS = YES;
				CLANG_WARN_EMPTY_BODY = YES;
				CLANG_WARN_ENUM_CONVERSION = YES;
				CLANG_WARN_INFINITE_RECURSION = YES;
				CLANG_WARN_INT_CONVERSION = YES;
				CLANG_WARN_NON_LITERAL_NULL_CONVERSION = YES;
				CLANG_WARN_OBJC_IMPLICIT_RETAIN_SELF = YES;
				CLANG_WARN_OBJC_LITERAL_CONVERSION = YES;
				CLANG_WARN_OBJC_ROOT_CLASS = YES_ERROR;
				CLANG_WARN_QUOTED_INCLUDE_IN_FRAMEWORK_HEADER = YES;
				CLANG_WARN_RANGE_LOOP_ANALYSIS = YES;
				CLANG_WARN_STRICT_PROTOTYPES = YES;
				CLANG_WARN_SUSPICIOUS_MOVE = YES;
				CLANG_WARN_UNGUARDED_AVAILABILITY = YES_AGGRESSIVE;
				CLANG_WARN_UNREACHABLE_CODE = YES;
				CLANG_WARN__DUPLICATE_METHOD_MATCH = YES;
				COPY_PHASE_STRIP = NO;
				DEBUG_INFORMATION_FORMAT = dwarf;
				ENABLE_STRICT_OBJC_MSGSEND = YES;
				ENABLE_TESTABILITY = YES;
				GCC_C_LANGUAGE_STANDARD = gnu11;
				GCC_DYNAMIC_NO_PIC = NO;
				GCC_NO_COMMON_BLOCKS = YES;
				GCC_OPTIMIZATION_LEVEL = 0;
				GCC_PREPROCESSOR_DEFINITIONS = (
					"DEBUG=1",
					"$(inherited)",
				);
				GCC_WARN_64_TO_32_BIT_CONVERSION = YES;
				GCC_WARN_ABOUT_RETURN_TYPE = YES_ERROR;
				GCC_WARN_UNDECLARED_SELECTOR = YES;
				GCC_WARN_UNINITIALIZED_AUTOS = YES_AGGRESSIVE;
				GCC_WARN_UNUSED_FUNCTION = YES;
				GCC_WARN_UNUSED_VARIABLE = YES;
				IPHONEOS_DEPLOYMENT_TARGET = 16.2;
				MTL_ENABLE_DEBUG_INFO = INCLUDE_SOURCE;
				MTL_FAST_MATH = YES;
				ONLY_ACTIVE_ARCH = YES;
				SDKROOT = iphoneos;
				SWIFT_ACTIVE_COMPILATION_CONDITIONS = DEBUG;
				SWIFT_OPTIMIZATION_LEVEL = "-Onone";
			};
			name = Debug;
		};
		C8EA80B6296E0C3000F7E959 /* Release */ = {
			isa = XCBuildConfiguration;
			buildSettings = {
				ALWAYS_SEARCH_USER_PATHS = NO;
				CLANG_ANALYZER_NONNULL = YES;
				CLANG_ANALYZER_NUMBER_OBJECT_CONVERSION = YES_AGGRESSIVE;
				CLANG_CXX_LANGUAGE_STANDARD = "gnu++20";
				CLANG_ENABLE_MODULES = YES;
				CLANG_ENABLE_OBJC_ARC = YES;
				CLANG_ENABLE_OBJC_WEAK = YES;
				CLANG_WARN_BLOCK_CAPTURE_AUTORELEASING = YES;
				CLANG_WARN_BOOL_CONVERSION = YES;
				CLANG_WARN_COMMA = YES;
				CLANG_WARN_CONSTANT_CONVERSION = YES;
				CLANG_WARN_DEPRECATED_OBJC_IMPLEMENTATIONS = YES;
				CLANG_WARN_DIRECT_OBJC_ISA_USAGE = YES_ERROR;
				CLANG_WARN_DOCUMENTATION_COMMENTS = YES;
				CLANG_WARN_EMPTY_BODY = YES;
				CLANG_WARN_ENUM_CONVERSION = YES;
				CLANG_WARN_INFINITE_RECURSION = YES;
				CLANG_WARN_INT_CONVERSION = YES;
				CLANG_WARN_NON_LITERAL_NULL_CONVERSION = YES;
				CLANG_WARN_OBJC_IMPLICIT_RETAIN_SELF = YES;
				CLANG_WARN_OBJC_LITERAL_CONVERSION = YES;
				CLANG_WARN_OBJC_ROOT_CLASS = YES_ERROR;
				CLANG_WARN_QUOTED_INCLUDE_IN_FRAMEWORK_HEADER = YES;
				CLANG_WARN_RANGE_LOOP_ANALYSIS = YES;
				CLANG_WARN_STRICT_PROTOTYPES = YES;
				CLANG_WARN_SUSPICIOUS_MOVE = YES;
				CLANG_WARN_UNGUARDED_AVAILABILITY = YES_AGGRESSIVE;
				CLANG_WARN_UNREACHABLE_CODE = YES;
				CLANG_WARN__DUPLICATE_METHOD_MATCH = YES;
				COPY_PHASE_STRIP = NO;
				DEBUG_INFORMATION_FORMAT = "dwarf-with-dsym";
				ENABLE_NS_ASSERTIONS = NO;
				ENABLE_STRICT_OBJC_MSGSEND = YES;
				GCC_C_LANGUAGE_STANDARD = gnu11;
				GCC_NO_COMMON_BLOCKS = YES;
				GCC_WARN_64_TO_32_BIT_CONVERSION = YES;
				GCC_WARN_ABOUT_RETURN_TYPE = YES_ERROR;
				GCC_WARN_UNDECLARED_SELECTOR = YES;
				GCC_WARN_UNINITIALIZED_AUTOS = YES_AGGRESSIVE;
				GCC_WARN_UNUSED_FUNCTION = YES;
				GCC_WARN_UNUSED_VARIABLE = YES;
				IPHONEOS_DEPLOYMENT_TARGET = 16.2;
				MTL_ENABLE_DEBUG_INFO = NO;
				MTL_FAST_MATH = YES;
				SDKROOT = iphoneos;
				SWIFT_COMPILATION_MODE = wholemodule;
				SWIFT_OPTIMIZATION_LEVEL = "-O";
				VALIDATE_PRODUCT = YES;
			};
			name = Release;
		};
		C8EA80B8296E0C3000F7E959 /* Debug */ = {
			isa = XCBuildConfiguration;
			buildSettings = {
				ASSETCATALOG_COMPILER_APPICON_NAME = AppIcon;
				ASSETCATALOG_COMPILER_GLOBAL_ACCENT_COLOR_NAME = AccentColor;
				CODE_SIGN_STYLE = Automatic;
				CURRENT_PROJECT_VERSION = 1;
				DEVELOPMENT_TEAM = 7U243K6SP3;
				GENERATE_INFOPLIST_FILE = YES;
				INFOPLIST_FILE = Udder/Info.plist;
				INFOPLIST_KEY_UIApplicationSupportsIndirectInputEvents = YES;
				INFOPLIST_KEY_UILaunchStoryboardName = LaunchScreen;
				INFOPLIST_KEY_UIMainStoryboardFile = Main;
				INFOPLIST_KEY_UISupportedInterfaceOrientations_iPad = "UIInterfaceOrientationPortrait UIInterfaceOrientationPortraitUpsideDown UIInterfaceOrientationLandscapeLeft UIInterfaceOrientationLandscapeRight";
				INFOPLIST_KEY_UISupportedInterfaceOrientations_iPhone = "UIInterfaceOrientationPortrait UIInterfaceOrientationLandscapeLeft UIInterfaceOrientationLandscapeRight";
				LD_RUNPATH_SEARCH_PATHS = (
					"$(inherited)",
					"@executable_path/Frameworks",
				);
				MARKETING_VERSION = 1.0;
				PRODUCT_BUNDLE_IDENTIFIER = com.thalita.Udder;
				PRODUCT_NAME = "$(TARGET_NAME)";
				SWIFT_EMIT_LOC_STRINGS = YES;
				SWIFT_VERSION = 5.0;
				TARGETED_DEVICE_FAMILY = "1,2";
			};
			name = Debug;
		};
		C8EA80B9296E0C3000F7E959 /* Release */ = {
			isa = XCBuildConfiguration;
			buildSettings = {
				ASSETCATALOG_COMPILER_APPICON_NAME = AppIcon;
				ASSETCATALOG_COMPILER_GLOBAL_ACCENT_COLOR_NAME = AccentColor;
				CODE_SIGN_STYLE = Automatic;
				CURRENT_PROJECT_VERSION = 1;
				DEVELOPMENT_TEAM = 7U243K6SP3;
				GENERATE_INFOPLIST_FILE = YES;
				INFOPLIST_FILE = Udder/Info.plist;
				INFOPLIST_KEY_UIApplicationSupportsIndirectInputEvents = YES;
				INFOPLIST_KEY_UILaunchStoryboardName = LaunchScreen;
				INFOPLIST_KEY_UIMainStoryboardFile = Main;
				INFOPLIST_KEY_UISupportedInterfaceOrientations_iPad = "UIInterfaceOrientationPortrait UIInterfaceOrientationPortraitUpsideDown UIInterfaceOrientationLandscapeLeft UIInterfaceOrientationLandscapeRight";
				INFOPLIST_KEY_UISupportedInterfaceOrientations_iPhone = "UIInterfaceOrientationPortrait UIInterfaceOrientationLandscapeLeft UIInterfaceOrientationLandscapeRight";
				LD_RUNPATH_SEARCH_PATHS = (
					"$(inherited)",
					"@executable_path/Frameworks",
				);
				MARKETING_VERSION = 1.0;
				PRODUCT_BUNDLE_IDENTIFIER = com.thalita.Udder;
				PRODUCT_NAME = "$(TARGET_NAME)";
				SWIFT_EMIT_LOC_STRINGS = YES;
				SWIFT_VERSION = 5.0;
				TARGETED_DEVICE_FAMILY = "1,2";
			};
			name = Release;
		};
		C8EA80BB296E0C3000F7E959 /* Debug */ = {
			isa = XCBuildConfiguration;
			buildSettings = {
				ALWAYS_EMBED_SWIFT_STANDARD_LIBRARIES = YES;
				BUNDLE_LOADER = "$(TEST_HOST)";
				CODE_SIGN_STYLE = Automatic;
				CURRENT_PROJECT_VERSION = 1;
				DEVELOPMENT_TEAM = 7U243K6SP3;
				GENERATE_INFOPLIST_FILE = YES;
				IPHONEOS_DEPLOYMENT_TARGET = 16.2;
				MARKETING_VERSION = 1.0;
				PRODUCT_BUNDLE_IDENTIFIER = com.thalita.UdderTests;
				PRODUCT_NAME = "$(TARGET_NAME)";
				SWIFT_EMIT_LOC_STRINGS = NO;
				SWIFT_VERSION = 5.0;
				TARGETED_DEVICE_FAMILY = "1,2";
				TEST_HOST = "$(BUILT_PRODUCTS_DIR)/Udder.app/$(BUNDLE_EXECUTABLE_FOLDER_PATH)/Udder";
			};
			name = Debug;
		};
		C8EA80BC296E0C3000F7E959 /* Release */ = {
			isa = XCBuildConfiguration;
			buildSettings = {
				ALWAYS_EMBED_SWIFT_STANDARD_LIBRARIES = YES;
				BUNDLE_LOADER = "$(TEST_HOST)";
				CODE_SIGN_STYLE = Automatic;
				CURRENT_PROJECT_VERSION = 1;
				DEVELOPMENT_TEAM = 7U243K6SP3;
				GENERATE_INFOPLIST_FILE = YES;
				IPHONEOS_DEPLOYMENT_TARGET = 16.2;
				MARKETING_VERSION = 1.0;
				PRODUCT_BUNDLE_IDENTIFIER = com.thalita.UdderTests;
				PRODUCT_NAME = "$(TARGET_NAME)";
				SWIFT_EMIT_LOC_STRINGS = NO;
				SWIFT_VERSION = 5.0;
				TARGETED_DEVICE_FAMILY = "1,2";
				TEST_HOST = "$(BUILT_PRODUCTS_DIR)/Udder.app/$(BUNDLE_EXECUTABLE_FOLDER_PATH)/Udder";
			};
			name = Release;
		};
		C8EA80BE296E0C3000F7E959 /* Debug */ = {
			isa = XCBuildConfiguration;
			buildSettings = {
				ALWAYS_EMBED_SWIFT_STANDARD_LIBRARIES = YES;
				CODE_SIGN_STYLE = Automatic;
				CURRENT_PROJECT_VERSION = 1;
				DEVELOPMENT_TEAM = 7U243K6SP3;
				GENERATE_INFOPLIST_FILE = YES;
				MARKETING_VERSION = 1.0;
				PRODUCT_BUNDLE_IDENTIFIER = com.thalita.UdderUITests;
				PRODUCT_NAME = "$(TARGET_NAME)";
				SWIFT_EMIT_LOC_STRINGS = NO;
				SWIFT_VERSION = 5.0;
				TARGETED_DEVICE_FAMILY = "1,2";
				TEST_TARGET_NAME = Udder;
			};
			name = Debug;
		};
		C8EA80BF296E0C3000F7E959 /* Release */ = {
			isa = XCBuildConfiguration;
			buildSettings = {
				ALWAYS_EMBED_SWIFT_STANDARD_LIBRARIES = YES;
				CODE_SIGN_STYLE = Automatic;
				CURRENT_PROJECT_VERSION = 1;
				DEVELOPMENT_TEAM = 7U243K6SP3;
				GENERATE_INFOPLIST_FILE = YES;
				MARKETING_VERSION = 1.0;
				PRODUCT_BUNDLE_IDENTIFIER = com.thalita.UdderUITests;
				PRODUCT_NAME = "$(TARGET_NAME)";
				SWIFT_EMIT_LOC_STRINGS = NO;
				SWIFT_VERSION = 5.0;
				TARGETED_DEVICE_FAMILY = "1,2";
				TEST_TARGET_NAME = Udder;
			};
			name = Release;
		};
/* End XCBuildConfiguration section */

/* Begin XCConfigurationList section */
		C8EA8088296E0C2E00F7E959 /* Build configuration list for PBXProject "Udder" */ = {
			isa = XCConfigurationList;
			buildConfigurations = (
				C8EA80B5296E0C3000F7E959 /* Debug */,
				C8EA80B6296E0C3000F7E959 /* Release */,
			);
			defaultConfigurationIsVisible = 0;
			defaultConfigurationName = Release;
		};
		C8EA80B7296E0C3000F7E959 /* Build configuration list for PBXNativeTarget "Udder" */ = {
			isa = XCConfigurationList;
			buildConfigurations = (
				C8EA80B8296E0C3000F7E959 /* Debug */,
				C8EA80B9296E0C3000F7E959 /* Release */,
			);
			defaultConfigurationIsVisible = 0;
			defaultConfigurationName = Release;
		};
		C8EA80BA296E0C3000F7E959 /* Build configuration list for PBXNativeTarget "UdderTests" */ = {
			isa = XCConfigurationList;
			buildConfigurations = (
				C8EA80BB296E0C3000F7E959 /* Debug */,
				C8EA80BC296E0C3000F7E959 /* Release */,
			);
			defaultConfigurationIsVisible = 0;
			defaultConfigurationName = Release;
		};
		C8EA80BD296E0C3000F7E959 /* Build configuration list for PBXNativeTarget "UdderUITests" */ = {
			isa = XCConfigurationList;
			buildConfigurations = (
				C8EA80BE296E0C3000F7E959 /* Debug */,
				C8EA80BF296E0C3000F7E959 /* Release */,
			);
			defaultConfigurationIsVisible = 0;
			defaultConfigurationName = Release;
		};
/* End XCConfigurationList section */
	};
	rootObject = C8EA8085296E0C2E00F7E959 /* Project object */;
}
